
Microsoft Visual Studio Solution File, Format Version 12.00
# Visual Studio Version 16
VisualStudioVersion = 16.0.29728.190
MinimumVisualStudioVersion = 10.0.40219.1
Project("{FAE04EC0-301F-11D3-BF4B-00C04F79EFBC}") = "NUnitTestCashConverter", "NUnitTestCashConverter.csproj", "{811BD1F6-9F97-4E91-8238-B7723DE47BEB}"
EndProject
Global
	GlobalSection(SolutionConfigurationPlatforms) = preSolution
		Debug|Any CPU = Debug|Any CPU
		Release|Any CPU = Release|Any CPU
	EndGlobalSection
	GlobalSection(ProjectConfigurationPlatforms) = postSolution
		{811BD1F6-9F97-4E91-8238-B7723DE47BEB}.Debug|Any CPU.ActiveCfg = Debug|Any CPU
		{811BD1F6-9F97-4E91-8238-B7723DE47BEB}.Debug|Any CPU.Build.0 = Debug|Any CPU
		{811BD1F6-9F97-4E91-8238-B7723DE47BEB}.Release|Any CPU.ActiveCfg = Release|Any CPU
		{811BD1F6-9F97-4E91-8238-B7723DE47BEB}.Release|Any CPU.Build.0 = Release|Any CPU
	EndGlobalSection
	GlobalSection(SolutionProperties) = preSolution
		HideSolutionNode = FALSE
	EndGlobalSection
	GlobalSection(ExtensibilityGlobals) = postSolution
		SolutionGuid = {EBF62E6B-710C-4CBC-A398-0894B708F500}
	EndGlobalSection
EndGlobal
